
Microsoft Visual Studio Solution File, Format Version 12.00
# Visual Studio Version 17
VisualStudioVersion = 17.2.32630.192
MinimumVisualStudioVersion = 10.0.40219.1
Project("{9A19103F-16F7-4668-BE54-9A1E7A4F7556}") = "R5T.L0048", "R5T.L0048\R5T.L0048.csproj", "{8ECD9A1D-EBF6-4750-A7CB-E0C024C3BB78}"
EndProject
Global
	GlobalSection(SolutionConfigurationPlatforms) = preSolution
		Debug|Any CPU = Debug|Any CPU
		Release|Any CPU = Release|Any CPU
	EndGlobalSection
	GlobalSection(ProjectConfigurationPlatforms) = postSolution
		{8ECD9A1D-EBF6-4750-A7CB-E0C024C3BB78}.Debug|Any CPU.ActiveCfg = Debug|Any CPU
		{8ECD9A1D-EBF6-4750-A7CB-E0C024C3BB78}.Debug|Any CPU.Build.0 = Debug|Any CPU
		{8ECD9A1D-EBF6-4750-A7CB-E0C024C3BB78}.Release|Any CPU.ActiveCfg = Release|Any CPU
		{8ECD9A1D-EBF6-4750-A7CB-E0C024C3BB78}.Release|Any CPU.Build.0 = Release|Any CPU
	EndGlobalSection
	GlobalSection(SolutionProperties) = preSolution
		HideSolutionNode = FALSE
	EndGlobalSection
	GlobalSection(ExtensibilityGlobals) = postSolution
		SolutionGuid = {3454A5D1-61A7-415F-9130-C55CCB5FCD39}
	EndGlobalSection
EndGlobal
