
Microsoft Visual Studio Solution File, Format Version 12.00
# Visual Studio Version 17
VisualStudioVersion = 17.2.32630.192
MinimumVisualStudioVersion = 10.0.40219.1
Project("{9A19103F-16F7-4668-BE54-9A1E7A4F7556}") = "R5T.L0048", "R5T.L0048\R5T.L0048.csproj", "{8ECD9A1D-EBF6-4750-A7CB-E0C024C3BB78}"
EndProject
Project("{9A19103F-16F7-4668-BE54-9A1E7A4F7556}") = "R5T.L0048.F000", "R5T.L0048.F000\R5T.L0048.F000.csproj", "{22CEEC9B-B7C9-4A3A-82E3-3AF536937031}"
EndProject
Project("{2150E333-8FDC-42A3-9474-1A3956D46DE8}") = "_Dependencies", "_Dependencies", "{A334EC62-4AAC-4B8E-9D70-2A13A8D1FD1B}"
EndProject
Project("{9A19103F-16F7-4668-BE54-9A1E7A4F7556}") = "R5T.F0000", "..\..\R5T.F0000\source\R5T.F0000\R5T.F0000.csproj", "{75BD4A61-DA0A-4D77-A596-1B788EED7844}"
EndProject
Project("{9A19103F-16F7-4668-BE54-9A1E7A4F7556}") = "R5T.F0002", "..\..\R5T.F0002\source\R5T.F0002\R5T.F0002.csproj", "{C67F55E4-BF68-4987-BEE8-EE96EB84777C}"
EndProject
Project("{9A19103F-16F7-4668-BE54-9A1E7A4F7556}") = "R5T.F0120", "..\..\R5T.F0120\source\R5T.F0120\R5T.F0120.csproj", "{6293F737-DB10-4C4C-BE16-A34A62D9EBB6}"
EndProject
Project("{9A19103F-16F7-4668-BE54-9A1E7A4F7556}") = "R5T.F0124", "..\..\R5T.F0124\source\R5T.F0124\R5T.F0124.csproj", "{0248F38D-BA09-47CD-ADA0-36C63927E292}"
EndProject
Project("{9A19103F-16F7-4668-BE54-9A1E7A4F7556}") = "R5T.F0125", "..\..\R5T.F0125\source\R5T.F0125\R5T.F0125.csproj", "{DAFEB01B-D80B-472B-A4F6-9E8C04A7808D}"
EndProject
Project("{9A19103F-16F7-4668-BE54-9A1E7A4F7556}") = "R5T.L0030.T000", "..\..\R5T.L0030\source\R5T.L0030.T000\R5T.L0030.T000.csproj", "{60B1742E-7368-4EDD-9A88-0A4F73CF8B3D}"
EndProject
Project("{9A19103F-16F7-4668-BE54-9A1E7A4F7556}") = "R5T.L0030", "..\..\R5T.L0030\source\R5T.L0030\R5T.L0030.csproj", "{02C4799D-E10E-4809-ACC1-A9C479B9CA99}"
EndProject
Project("{9A19103F-16F7-4668-BE54-9A1E7A4F7556}") = "R5T.L0034", "..\..\R5T.L0034\source\R5T.L0034\R5T.L0034.csproj", "{5084BDEA-E04F-4CF0-87F3-9CB7387CDD7C}"
EndProject
Project("{9A19103F-16F7-4668-BE54-9A1E7A4F7556}") = "R5T.L0035", "..\..\R5T.L0035\source\R5T.L0035\R5T.L0035.csproj", "{89C77639-F99A-4E91-9970-FCE335C41596}"
EndProject
Project("{9A19103F-16F7-4668-BE54-9A1E7A4F7556}") = "R5T.T0131", "..\..\R5T.T0131\source\R5T.T0131\R5T.T0131.csproj", "{902BE9B0-63FB-4341-8DE3-4244D9E23CAF}"
EndProject
Project("{9A19103F-16F7-4668-BE54-9A1E7A4F7556}") = "R5T.T0132", "..\..\R5T.T0132\source\R5T.T0132\R5T.T0132.csproj", "{12DA7315-8F33-48B6-8688-7F91DBC5D677}"
EndProject
Project("{9A19103F-16F7-4668-BE54-9A1E7A4F7556}") = "R5T.T0142", "..\..\R5T.T0142\source\R5T.T0142\R5T.T0142.csproj", "{B7902640-C4A1-4A73-826C-81C2612FE4EC}"
EndProject
Project("{9A19103F-16F7-4668-BE54-9A1E7A4F7556}") = "R5T.T0143", "..\..\R5T.T0143\source\R5T.T0143\R5T.T0143.csproj", "{32AE1702-B73B-43B2-844B-AFC8A5FB8B02}"
EndProject
Project("{9A19103F-16F7-4668-BE54-9A1E7A4F7556}") = "R5T.T0156", "..\..\R5T.T0156\source\R5T.T0156\R5T.T0156.csproj", "{7BEF4621-ADBB-46E5-B30A-C89C49EC77A0}"
EndProject
Project("{9A19103F-16F7-4668-BE54-9A1E7A4F7556}") = "R5T.T0174", "..\..\R5T.T0174\source\R5T.T0174\R5T.T0174.csproj", "{5A4E4F2E-E9A6-468A-B95E-58D72B81E856}"
EndProject
Project("{9A19103F-16F7-4668-BE54-9A1E7A4F7556}") = "R5T.T0176", "..\..\R5T.T0176\source\R5T.T0176\R5T.T0176.csproj", "{7B2B5216-2B36-45FB-8152-F3F1792AD06C}"
EndProject
Project("{9A19103F-16F7-4668-BE54-9A1E7A4F7556}") = "R5T.T0177", "..\..\R5T.T0177\source\R5T.T0177\R5T.T0177.csproj", "{2C54691B-833F-446C-93C1-138F27D1BBD6}"
EndProject
Project("{9A19103F-16F7-4668-BE54-9A1E7A4F7556}") = "R5T.T0178", "..\..\R5T.T0178\source\R5T.T0178\R5T.T0178.csproj", "{C1F0A1F0-8B3E-45B8-BA1F-E22E83ED118E}"
EndProject
Project("{9A19103F-16F7-4668-BE54-9A1E7A4F7556}") = "R5T.T0179", "..\..\R5T.T0179\source\R5T.T0179\R5T.T0179.csproj", "{64BF7036-91B9-44FA-BE4A-5A974D0E2B9B}"
EndProject
Project("{9A19103F-16F7-4668-BE54-9A1E7A4F7556}") = "R5T.T0180", "..\..\R5T.T0180\source\R5T.T0180\R5T.T0180.csproj", "{AE82191A-63B7-4705-A6FD-5F3B15AD57D7}"
EndProject
Project("{9A19103F-16F7-4668-BE54-9A1E7A4F7556}") = "R5T.T0181", "..\..\R5T.T0181\source\R5T.T0181\R5T.T0181.csproj", "{362B1D6F-092E-4FAE-8152-A07F2E6FD104}"
EndProject
Project("{9A19103F-16F7-4668-BE54-9A1E7A4F7556}") = "R5T.T0185", "..\..\R5T.T0185\source\R5T.T0185\R5T.T0185.csproj", "{D0EB4FAD-7064-42B6-BCDD-57202FB6B369}"
EndProject
Project("{9A19103F-16F7-4668-BE54-9A1E7A4F7556}") = "R5T.T0203", "..\..\R5T.T0203\source\R5T.T0203\R5T.T0203.csproj", "{ABCB560F-E38F-4448-A799-ED247BC419BE}"
EndProject
Project("{9A19103F-16F7-4668-BE54-9A1E7A4F7556}") = "R5T.Y0000", "..\..\R5T.Y0000\source\R5T.Y0000\R5T.Y0000.csproj", "{1464EA82-6ADC-48BB-8ED3-F75EC95E8452}"
EndProject
Project("{9A19103F-16F7-4668-BE54-9A1E7A4F7556}") = "R5T.Z0000", "..\..\R5T.Z0000\source\R5T.Z0000\R5T.Z0000.csproj", "{88187794-056D-4E96-9AF8-740AC8976823}"
EndProject
Project("{9A19103F-16F7-4668-BE54-9A1E7A4F7556}") = "R5T.NG0019", "..\..\R5T.NG0019\source\R5T.NG0019\R5T.NG0019.csproj", "{564816D8-5447-4634-8C38-9E2D32FE72CC}"
EndProject
Global
	GlobalSection(NestedProjects) = preSolution
		{75BD4A61-DA0A-4D77-A596-1B788EED7844} = {A334EC62-4AAC-4B8E-9D70-2A13A8D1FD1B}
		{C67F55E4-BF68-4987-BEE8-EE96EB84777C} = {A334EC62-4AAC-4B8E-9D70-2A13A8D1FD1B}
		{6293F737-DB10-4C4C-BE16-A34A62D9EBB6} = {A334EC62-4AAC-4B8E-9D70-2A13A8D1FD1B}
		{0248F38D-BA09-47CD-ADA0-36C63927E292} = {A334EC62-4AAC-4B8E-9D70-2A13A8D1FD1B}
		{DAFEB01B-D80B-472B-A4F6-9E8C04A7808D} = {A334EC62-4AAC-4B8E-9D70-2A13A8D1FD1B}
		{60B1742E-7368-4EDD-9A88-0A4F73CF8B3D} = {A334EC62-4AAC-4B8E-9D70-2A13A8D1FD1B}
		{02C4799D-E10E-4809-ACC1-A9C479B9CA99} = {A334EC62-4AAC-4B8E-9D70-2A13A8D1FD1B}
		{5084BDEA-E04F-4CF0-87F3-9CB7387CDD7C} = {A334EC62-4AAC-4B8E-9D70-2A13A8D1FD1B}
		{89C77639-F99A-4E91-9970-FCE335C41596} = {A334EC62-4AAC-4B8E-9D70-2A13A8D1FD1B}
		{902BE9B0-63FB-4341-8DE3-4244D9E23CAF} = {A334EC62-4AAC-4B8E-9D70-2A13A8D1FD1B}
		{12DA7315-8F33-48B6-8688-7F91DBC5D677} = {A334EC62-4AAC-4B8E-9D70-2A13A8D1FD1B}
		{B7902640-C4A1-4A73-826C-81C2612FE4EC} = {A334EC62-4AAC-4B8E-9D70-2A13A8D1FD1B}
		{32AE1702-B73B-43B2-844B-AFC8A5FB8B02} = {A334EC62-4AAC-4B8E-9D70-2A13A8D1FD1B}
		{7BEF4621-ADBB-46E5-B30A-C89C49EC77A0} = {A334EC62-4AAC-4B8E-9D70-2A13A8D1FD1B}
		{5A4E4F2E-E9A6-468A-B95E-58D72B81E856} = {A334EC62-4AAC-4B8E-9D70-2A13A8D1FD1B}
		{7B2B5216-2B36-45FB-8152-F3F1792AD06C} = {A334EC62-4AAC-4B8E-9D70-2A13A8D1FD1B}
		{2C54691B-833F-446C-93C1-138F27D1BBD6} = {A334EC62-4AAC-4B8E-9D70-2A13A8D1FD1B}
		{C1F0A1F0-8B3E-45B8-BA1F-E22E83ED118E} = {A334EC62-4AAC-4B8E-9D70-2A13A8D1FD1B}
		{64BF7036-91B9-44FA-BE4A-5A974D0E2B9B} = {A334EC62-4AAC-4B8E-9D70-2A13A8D1FD1B}
		{AE82191A-63B7-4705-A6FD-5F3B15AD57D7} = {A334EC62-4AAC-4B8E-9D70-2A13A8D1FD1B}
		{362B1D6F-092E-4FAE-8152-A07F2E6FD104} = {A334EC62-4AAC-4B8E-9D70-2A13A8D1FD1B}
		{D0EB4FAD-7064-42B6-BCDD-57202FB6B369} = {A334EC62-4AAC-4B8E-9D70-2A13A8D1FD1B}
		{ABCB560F-E38F-4448-A799-ED247BC419BE} = {A334EC62-4AAC-4B8E-9D70-2A13A8D1FD1B}
		{1464EA82-6ADC-48BB-8ED3-F75EC95E8452} = {A334EC62-4AAC-4B8E-9D70-2A13A8D1FD1B}
		{88187794-056D-4E96-9AF8-740AC8976823} = {A334EC62-4AAC-4B8E-9D70-2A13A8D1FD1B}
		{564816D8-5447-4634-8C38-9E2D32FE72CC} = {A334EC62-4AAC-4B8E-9D70-2A13A8D1FD1B}
	EndGlobalSection
	GlobalSection(SolutionConfigurationPlatforms) = preSolution
		Debug|Any CPU = Debug|Any CPU
		Release|Any CPU = Release|Any CPU
	EndGlobalSection
	GlobalSection(ProjectConfigurationPlatforms) = postSolution
		{8ECD9A1D-EBF6-4750-A7CB-E0C024C3BB78}.Debug|Any CPU.ActiveCfg = Debug|Any CPU
		{8ECD9A1D-EBF6-4750-A7CB-E0C024C3BB78}.Debug|Any CPU.Build.0 = Debug|Any CPU
		{8ECD9A1D-EBF6-4750-A7CB-E0C024C3BB78}.Release|Any CPU.ActiveCfg = Release|Any CPU
		{8ECD9A1D-EBF6-4750-A7CB-E0C024C3BB78}.Release|Any CPU.Build.0 = Release|Any CPU
		{22CEEC9B-B7C9-4A3A-82E3-3AF536937031}.Debug|Any CPU.ActiveCfg = Debug|Any CPU
		{22CEEC9B-B7C9-4A3A-82E3-3AF536937031}.Debug|Any CPU.Build.0 = Debug|Any CPU
		{22CEEC9B-B7C9-4A3A-82E3-3AF536937031}.Release|Any CPU.ActiveCfg = Release|Any CPU
		{22CEEC9B-B7C9-4A3A-82E3-3AF536937031}.Release|Any CPU.Build.0 = Release|Any CPU
		{75BD4A61-DA0A-4D77-A596-1B788EED7844}.Debug|Any CPU.ActiveCfg = Debug|Any CPU
		{75BD4A61-DA0A-4D77-A596-1B788EED7844}.Debug|Any CPU.Build.0 = Debug|Any CPU
		{75BD4A61-DA0A-4D77-A596-1B788EED7844}.Release|Any CPU.ActiveCfg = Release|Any CPU
		{75BD4A61-DA0A-4D77-A596-1B788EED7844}.Release|Any CPU.Build.0 = Release|Any CPU
		{C67F55E4-BF68-4987-BEE8-EE96EB84777C}.Debug|Any CPU.ActiveCfg = Debug|Any CPU
		{C67F55E4-BF68-4987-BEE8-EE96EB84777C}.Debug|Any CPU.Build.0 = Debug|Any CPU
		{C67F55E4-BF68-4987-BEE8-EE96EB84777C}.Release|Any CPU.ActiveCfg = Release|Any CPU
		{C67F55E4-BF68-4987-BEE8-EE96EB84777C}.Release|Any CPU.Build.0 = Release|Any CPU
		{6293F737-DB10-4C4C-BE16-A34A62D9EBB6}.Debug|Any CPU.ActiveCfg = Debug|Any CPU
		{6293F737-DB10-4C4C-BE16-A34A62D9EBB6}.Debug|Any CPU.Build.0 = Debug|Any CPU
		{6293F737-DB10-4C4C-BE16-A34A62D9EBB6}.Release|Any CPU.ActiveCfg = Release|Any CPU
		{6293F737-DB10-4C4C-BE16-A34A62D9EBB6}.Release|Any CPU.Build.0 = Release|Any CPU
		{0248F38D-BA09-47CD-ADA0-36C63927E292}.Debug|Any CPU.ActiveCfg = Debug|Any CPU
		{0248F38D-BA09-47CD-ADA0-36C63927E292}.Debug|Any CPU.Build.0 = Debug|Any CPU
		{0248F38D-BA09-47CD-ADA0-36C63927E292}.Release|Any CPU.ActiveCfg = Release|Any CPU
		{0248F38D-BA09-47CD-ADA0-36C63927E292}.Release|Any CPU.Build.0 = Release|Any CPU
		{DAFEB01B-D80B-472B-A4F6-9E8C04A7808D}.Debug|Any CPU.ActiveCfg = Debug|Any CPU
		{DAFEB01B-D80B-472B-A4F6-9E8C04A7808D}.Debug|Any CPU.Build.0 = Debug|Any CPU
		{DAFEB01B-D80B-472B-A4F6-9E8C04A7808D}.Release|Any CPU.ActiveCfg = Release|Any CPU
		{DAFEB01B-D80B-472B-A4F6-9E8C04A7808D}.Release|Any CPU.Build.0 = Release|Any CPU
		{60B1742E-7368-4EDD-9A88-0A4F73CF8B3D}.Debug|Any CPU.ActiveCfg = Debug|Any CPU
		{60B1742E-7368-4EDD-9A88-0A4F73CF8B3D}.Debug|Any CPU.Build.0 = Debug|Any CPU
		{60B1742E-7368-4EDD-9A88-0A4F73CF8B3D}.Release|Any CPU.ActiveCfg = Release|Any CPU
		{60B1742E-7368-4EDD-9A88-0A4F73CF8B3D}.Release|Any CPU.Build.0 = Release|Any CPU
		{02C4799D-E10E-4809-ACC1-A9C479B9CA99}.Debug|Any CPU.ActiveCfg = Debug|Any CPU
		{02C4799D-E10E-4809-ACC1-A9C479B9CA99}.Debug|Any CPU.Build.0 = Debug|Any CPU
		{02C4799D-E10E-4809-ACC1-A9C479B9CA99}.Release|Any CPU.ActiveCfg = Release|Any CPU
		{02C4799D-E10E-4809-ACC1-A9C479B9CA99}.Release|Any CPU.Build.0 = Release|Any CPU
		{5084BDEA-E04F-4CF0-87F3-9CB7387CDD7C}.Debug|Any CPU.ActiveCfg = Debug|Any CPU
		{5084BDEA-E04F-4CF0-87F3-9CB7387CDD7C}.Debug|Any CPU.Build.0 = Debug|Any CPU
		{5084BDEA-E04F-4CF0-87F3-9CB7387CDD7C}.Release|Any CPU.ActiveCfg = Release|Any CPU
		{5084BDEA-E04F-4CF0-87F3-9CB7387CDD7C}.Release|Any CPU.Build.0 = Release|Any CPU
		{89C77639-F99A-4E91-9970-FCE335C41596}.Debug|Any CPU.ActiveCfg = Debug|Any CPU
		{89C77639-F99A-4E91-9970-FCE335C41596}.Debug|Any CPU.Build.0 = Debug|Any CPU
		{89C77639-F99A-4E91-9970-FCE335C41596}.Release|Any CPU.ActiveCfg = Release|Any CPU
		{89C77639-F99A-4E91-9970-FCE335C41596}.Release|Any CPU.Build.0 = Release|Any CPU
		{902BE9B0-63FB-4341-8DE3-4244D9E23CAF}.Debug|Any CPU.ActiveCfg = Debug|Any CPU
		{902BE9B0-63FB-4341-8DE3-4244D9E23CAF}.Debug|Any CPU.Build.0 = Debug|Any CPU
		{902BE9B0-63FB-4341-8DE3-4244D9E23CAF}.Release|Any CPU.ActiveCfg = Release|Any CPU
		{902BE9B0-63FB-4341-8DE3-4244D9E23CAF}.Release|Any CPU.Build.0 = Release|Any CPU
		{12DA7315-8F33-48B6-8688-7F91DBC5D677}.Debug|Any CPU.ActiveCfg = Debug|Any CPU
		{12DA7315-8F33-48B6-8688-7F91DBC5D677}.Debug|Any CPU.Build.0 = Debug|Any CPU
		{12DA7315-8F33-48B6-8688-7F91DBC5D677}.Release|Any CPU.ActiveCfg = Release|Any CPU
		{12DA7315-8F33-48B6-8688-7F91DBC5D677}.Release|Any CPU.Build.0 = Release|Any CPU
		{B7902640-C4A1-4A73-826C-81C2612FE4EC}.Debug|Any CPU.ActiveCfg = Debug|Any CPU
		{B7902640-C4A1-4A73-826C-81C2612FE4EC}.Debug|Any CPU.Build.0 = Debug|Any CPU
		{B7902640-C4A1-4A73-826C-81C2612FE4EC}.Release|Any CPU.ActiveCfg = Release|Any CPU
		{B7902640-C4A1-4A73-826C-81C2612FE4EC}.Release|Any CPU.Build.0 = Release|Any CPU
		{32AE1702-B73B-43B2-844B-AFC8A5FB8B02}.Debug|Any CPU.ActiveCfg = Debug|Any CPU
		{32AE1702-B73B-43B2-844B-AFC8A5FB8B02}.Debug|Any CPU.Build.0 = Debug|Any CPU
		{32AE1702-B73B-43B2-844B-AFC8A5FB8B02}.Release|Any CPU.ActiveCfg = Release|Any CPU
		{32AE1702-B73B-43B2-844B-AFC8A5FB8B02}.Release|Any CPU.Build.0 = Release|Any CPU
		{7BEF4621-ADBB-46E5-B30A-C89C49EC77A0}.Debug|Any CPU.ActiveCfg = Debug|Any CPU
		{7BEF4621-ADBB-46E5-B30A-C89C49EC77A0}.Debug|Any CPU.Build.0 = Debug|Any CPU
		{7BEF4621-ADBB-46E5-B30A-C89C49EC77A0}.Release|Any CPU.ActiveCfg = Release|Any CPU
		{7BEF4621-ADBB-46E5-B30A-C89C49EC77A0}.Release|Any CPU.Build.0 = Release|Any CPU
		{5A4E4F2E-E9A6-468A-B95E-58D72B81E856}.Debug|Any CPU.ActiveCfg = Debug|Any CPU
		{5A4E4F2E-E9A6-468A-B95E-58D72B81E856}.Debug|Any CPU.Build.0 = Debug|Any CPU
		{5A4E4F2E-E9A6-468A-B95E-58D72B81E856}.Release|Any CPU.ActiveCfg = Release|Any CPU
		{5A4E4F2E-E9A6-468A-B95E-58D72B81E856}.Release|Any CPU.Build.0 = Release|Any CPU
		{7B2B5216-2B36-45FB-8152-F3F1792AD06C}.Debug|Any CPU.ActiveCfg = Debug|Any CPU
		{7B2B5216-2B36-45FB-8152-F3F1792AD06C}.Debug|Any CPU.Build.0 = Debug|Any CPU
		{7B2B5216-2B36-45FB-8152-F3F1792AD06C}.Release|Any CPU.ActiveCfg = Release|Any CPU
		{7B2B5216-2B36-45FB-8152-F3F1792AD06C}.Release|Any CPU.Build.0 = Release|Any CPU
		{2C54691B-833F-446C-93C1-138F27D1BBD6}.Debug|Any CPU.ActiveCfg = Debug|Any CPU
		{2C54691B-833F-446C-93C1-138F27D1BBD6}.Debug|Any CPU.Build.0 = Debug|Any CPU
		{2C54691B-833F-446C-93C1-138F27D1BBD6}.Release|Any CPU.ActiveCfg = Release|Any CPU
		{2C54691B-833F-446C-93C1-138F27D1BBD6}.Release|Any CPU.Build.0 = Release|Any CPU
		{C1F0A1F0-8B3E-45B8-BA1F-E22E83ED118E}.Debug|Any CPU.ActiveCfg = Debug|Any CPU
		{C1F0A1F0-8B3E-45B8-BA1F-E22E83ED118E}.Debug|Any CPU.Build.0 = Debug|Any CPU
		{C1F0A1F0-8B3E-45B8-BA1F-E22E83ED118E}.Release|Any CPU.ActiveCfg = Release|Any CPU
		{C1F0A1F0-8B3E-45B8-BA1F-E22E83ED118E}.Release|Any CPU.Build.0 = Release|Any CPU
		{64BF7036-91B9-44FA-BE4A-5A974D0E2B9B}.Debug|Any CPU.ActiveCfg = Debug|Any CPU
		{64BF7036-91B9-44FA-BE4A-5A974D0E2B9B}.Debug|Any CPU.Build.0 = Debug|Any CPU
		{64BF7036-91B9-44FA-BE4A-5A974D0E2B9B}.Release|Any CPU.ActiveCfg = Release|Any CPU
		{64BF7036-91B9-44FA-BE4A-5A974D0E2B9B}.Release|Any CPU.Build.0 = Release|Any CPU
		{AE82191A-63B7-4705-A6FD-5F3B15AD57D7}.Debug|Any CPU.ActiveCfg = Debug|Any CPU
		{AE82191A-63B7-4705-A6FD-5F3B15AD57D7}.Debug|Any CPU.Build.0 = Debug|Any CPU
		{AE82191A-63B7-4705-A6FD-5F3B15AD57D7}.Release|Any CPU.ActiveCfg = Release|Any CPU
		{AE82191A-63B7-4705-A6FD-5F3B15AD57D7}.Release|Any CPU.Build.0 = Release|Any CPU
		{362B1D6F-092E-4FAE-8152-A07F2E6FD104}.Debug|Any CPU.ActiveCfg = Debug|Any CPU
		{362B1D6F-092E-4FAE-8152-A07F2E6FD104}.Debug|Any CPU.Build.0 = Debug|Any CPU
		{362B1D6F-092E-4FAE-8152-A07F2E6FD104}.Release|Any CPU.ActiveCfg = Release|Any CPU
		{362B1D6F-092E-4FAE-8152-A07F2E6FD104}.Release|Any CPU.Build.0 = Release|Any CPU
		{D0EB4FAD-7064-42B6-BCDD-57202FB6B369}.Debug|Any CPU.ActiveCfg = Debug|Any CPU
		{D0EB4FAD-7064-42B6-BCDD-57202FB6B369}.Debug|Any CPU.Build.0 = Debug|Any CPU
		{D0EB4FAD-7064-42B6-BCDD-57202FB6B369}.Release|Any CPU.ActiveCfg = Release|Any CPU
		{D0EB4FAD-7064-42B6-BCDD-57202FB6B369}.Release|Any CPU.Build.0 = Release|Any CPU
		{ABCB560F-E38F-4448-A799-ED247BC419BE}.Debug|Any CPU.ActiveCfg = Debug|Any CPU
		{ABCB560F-E38F-4448-A799-ED247BC419BE}.Debug|Any CPU.Build.0 = Debug|Any CPU
		{ABCB560F-E38F-4448-A799-ED247BC419BE}.Release|Any CPU.ActiveCfg = Release|Any CPU
		{ABCB560F-E38F-4448-A799-ED247BC419BE}.Release|Any CPU.Build.0 = Release|Any CPU
		{1464EA82-6ADC-48BB-8ED3-F75EC95E8452}.Debug|Any CPU.ActiveCfg = Debug|Any CPU
		{1464EA82-6ADC-48BB-8ED3-F75EC95E8452}.Debug|Any CPU.Build.0 = Debug|Any CPU
		{1464EA82-6ADC-48BB-8ED3-F75EC95E8452}.Release|Any CPU.ActiveCfg = Release|Any CPU
		{1464EA82-6ADC-48BB-8ED3-F75EC95E8452}.Release|Any CPU.Build.0 = Release|Any CPU
		{88187794-056D-4E96-9AF8-740AC8976823}.Debug|Any CPU.ActiveCfg = Debug|Any CPU
		{88187794-056D-4E96-9AF8-740AC8976823}.Debug|Any CPU.Build.0 = Debug|Any CPU
		{88187794-056D-4E96-9AF8-740AC8976823}.Release|Any CPU.ActiveCfg = Release|Any CPU
		{88187794-056D-4E96-9AF8-740AC8976823}.Release|Any CPU.Build.0 = Release|Any CPU
		{564816D8-5447-4634-8C38-9E2D32FE72CC}.Debug|Any CPU.ActiveCfg = Debug|Any CPU
		{564816D8-5447-4634-8C38-9E2D32FE72CC}.Debug|Any CPU.Build.0 = Debug|Any CPU
		{564816D8-5447-4634-8C38-9E2D32FE72CC}.Release|Any CPU.ActiveCfg = Release|Any CPU
		{564816D8-5447-4634-8C38-9E2D32FE72CC}.Release|Any CPU.Build.0 = Release|Any CPU
	EndGlobalSection
	GlobalSection(SolutionProperties) = preSolution
		HideSolutionNode = FALSE
	EndGlobalSection
	GlobalSection(ExtensibilityGlobals) = postSolution
		SolutionGuid = {3454A5D1-61A7-415F-9130-C55CCB5FCD39}
	EndGlobalSection
EndGlobal
