
Microsoft Visual Studio Solution File, Format Version 12.00
# Visual Studio Version 17
VisualStudioVersion = 17.2.32630.192
MinimumVisualStudioVersion = 10.0.40219.1
Project("{9A19103F-16F7-4668-BE54-9A1E7A4F7556}") = "R5T.L0048.Construction", "R5T.L0048.Construction\R5T.L0048.Construction.csproj", "{A02D998A-2624-415F-BC3D-87932DC2D94E}"
EndProject
Project("{9A19103F-16F7-4668-BE54-9A1E7A4F7556}") = "R5T.L0048", "R5T.L0048\R5T.L0048.csproj", "{B4C93A83-D224-4FDF-9FDB-E7950B58B04D}"
EndProject
Project("{2150E333-8FDC-42A3-9474-1A3956D46DE8}") = "_Dependencies", "_Dependencies", "{6177DB4F-90BF-4408-A981-5DDDB663695A}"
EndProject
Project("{9A19103F-16F7-4668-BE54-9A1E7A4F7556}") = "R5T.F0000", "..\..\R5T.F0000\source\R5T.F0000\R5T.F0000.csproj", "{2F221A75-FEC6-4C80-B298-5324319C90D0}"
EndProject
Project("{9A19103F-16F7-4668-BE54-9A1E7A4F7556}") = "R5T.F0002", "..\..\R5T.F0002\source\R5T.F0002\R5T.F0002.csproj", "{7E091614-9714-469C-B912-5B67B4B4E338}"
EndProject
Project("{9A19103F-16F7-4668-BE54-9A1E7A4F7556}") = "R5T.F0059", "..\..\R5T.F0059\source\R5T.F0059\R5T.F0059.csproj", "{F871CC1F-A0C9-453F-A700-4CDE07DE2F2C}"
EndProject
Project("{9A19103F-16F7-4668-BE54-9A1E7A4F7556}") = "R5T.F0120", "..\..\R5T.F0120\source\R5T.F0120\R5T.F0120.csproj", "{07D98E59-B1D3-4F84-83B9-3D99EC2CDA93}"
EndProject
Project("{9A19103F-16F7-4668-BE54-9A1E7A4F7556}") = "R5T.F0124", "..\..\R5T.F0124\source\R5T.F0124\R5T.F0124.csproj", "{8E93DA91-C62D-41B2-887B-90F617CE1ADD}"
EndProject
Project("{9A19103F-16F7-4668-BE54-9A1E7A4F7556}") = "R5T.F0125", "..\..\R5T.F0125\source\R5T.F0125\R5T.F0125.csproj", "{7624FE6C-A2BD-454E-8EC0-77503E7174B0}"
EndProject
Project("{9A19103F-16F7-4668-BE54-9A1E7A4F7556}") = "R5T.L0030.T000", "..\..\R5T.L0030\source\R5T.L0030.T000\R5T.L0030.T000.csproj", "{EB64DE5D-8E36-4E92-8588-6A02F042BF78}"
EndProject
Project("{9A19103F-16F7-4668-BE54-9A1E7A4F7556}") = "R5T.L0030", "..\..\R5T.L0030\source\R5T.L0030\R5T.L0030.csproj", "{39A58CB6-D3AC-435C-B86A-E1EBBF6E92F8}"
EndProject
Project("{9A19103F-16F7-4668-BE54-9A1E7A4F7556}") = "R5T.L0034", "..\..\R5T.L0034\source\R5T.L0034\R5T.L0034.csproj", "{ED75667F-D342-4041-BBFF-4E501CE202DC}"
EndProject
Project("{9A19103F-16F7-4668-BE54-9A1E7A4F7556}") = "R5T.L0035", "..\..\R5T.L0035\source\R5T.L0035\R5T.L0035.csproj", "{EA8BEF9C-C489-44A6-A584-9651F54452D5}"
EndProject
Project("{9A19103F-16F7-4668-BE54-9A1E7A4F7556}") = "R5T.L0048.F000", "R5T.L0048.F000\R5T.L0048.F000.csproj", "{1088FC36-CACB-4529-A06F-663F91B32D49}"
EndProject
Project("{9A19103F-16F7-4668-BE54-9A1E7A4F7556}") = "R5T.L0053", "..\..\R5T.L0053\source\R5T.L0053\R5T.L0053.csproj", "{F899679D-DED6-4445-8EA2-DCEDE8FC2369}"
EndProject
Project("{9A19103F-16F7-4668-BE54-9A1E7A4F7556}") = "R5T.L0056", "..\..\R5T.L0056\source\R5T.L0056\R5T.L0056.csproj", "{89D3A3FD-4C45-4E67-8E41-FAD6442D61CB}"
EndProject
Project("{9A19103F-16F7-4668-BE54-9A1E7A4F7556}") = "R5T.L0066", "..\..\R5T.L0066\source\R5T.L0066\R5T.L0066.csproj", "{CBE37D34-B978-492A-9025-A285A44838AF}"
EndProject
Project("{9A19103F-16F7-4668-BE54-9A1E7A4F7556}") = "R5T.L0071", "..\..\R5T.L0071\source\R5T.L0071\R5T.L0071.csproj", "{7553A5AF-E488-4A47-99F0-6F5623FEAA09}"
EndProject
Project("{9A19103F-16F7-4668-BE54-9A1E7A4F7556}") = "R5T.NG0006", "..\..\R5T.NG0006\source\R5T.NG0006\R5T.NG0006.csproj", "{C9418B36-EEF7-4BF0-A674-81C3E9F56605}"
EndProject
Project("{9A19103F-16F7-4668-BE54-9A1E7A4F7556}") = "R5T.NG0019", "..\..\R5T.NG0019\source\R5T.NG0019\R5T.NG0019.csproj", "{ECBA5CCB-413D-44CF-A130-1095237DD384}"
EndProject
Project("{9A19103F-16F7-4668-BE54-9A1E7A4F7556}") = "R5T.NG0022", "..\..\R5T.NG0022\source\R5T.NG0022\R5T.NG0022.csproj", "{0EDD1FF9-ADE6-4878-82E6-5EA28853560C}"
EndProject
Project("{9A19103F-16F7-4668-BE54-9A1E7A4F7556}") = "R5T.T0131", "..\..\R5T.T0131\source\R5T.T0131\R5T.T0131.csproj", "{5AFFE210-F5F5-42B0-97F9-A376325BC8EA}"
EndProject
Project("{9A19103F-16F7-4668-BE54-9A1E7A4F7556}") = "R5T.T0132", "..\..\R5T.T0132\source\R5T.T0132\R5T.T0132.csproj", "{8763ACC3-EF06-4CBD-A886-930BBEC03C35}"
EndProject
Project("{9A19103F-16F7-4668-BE54-9A1E7A4F7556}") = "R5T.T0142", "..\..\R5T.T0142\source\R5T.T0142\R5T.T0142.csproj", "{1394AF54-B643-4082-9BDF-C06AB2C75C0A}"
EndProject
Project("{9A19103F-16F7-4668-BE54-9A1E7A4F7556}") = "R5T.T0143", "..\..\R5T.T0143\source\R5T.T0143\R5T.T0143.csproj", "{8CE47629-3FB0-49DD-8D27-71E0D7B4D1B2}"
EndProject
Project("{9A19103F-16F7-4668-BE54-9A1E7A4F7556}") = "R5T.T0150", "..\..\R5T.T0150\source\R5T.T0150\R5T.T0150.csproj", "{008F62F7-27C4-4A8C-B2A6-D5A448D6889F}"
EndProject
Project("{9A19103F-16F7-4668-BE54-9A1E7A4F7556}") = "R5T.T0151", "..\..\R5T.T0151\source\R5T.T0151\R5T.T0151.csproj", "{5DB22E5A-31AC-49E0-8213-4D1E83E758D5}"
EndProject
Project("{9A19103F-16F7-4668-BE54-9A1E7A4F7556}") = "R5T.T0156", "..\..\R5T.T0156\source\R5T.T0156\R5T.T0156.csproj", "{7DAF5D1D-F6CD-40C0-8BF2-EB2810C5F941}"
EndProject
Project("{9A19103F-16F7-4668-BE54-9A1E7A4F7556}") = "R5T.T0158", "..\..\R5T.T0158\source\R5T.T0158\R5T.T0158.csproj", "{83249CB6-E943-452C-976B-0D618C6952C5}"
EndProject
Project("{9A19103F-16F7-4668-BE54-9A1E7A4F7556}") = "R5T.T0159", "..\..\R5T.T0159\source\R5T.T0159\R5T.T0159.csproj", "{82CC906E-5A0C-4645-9C65-B7A8DC4D3062}"
EndProject
Project("{9A19103F-16F7-4668-BE54-9A1E7A4F7556}") = "R5T.T0161", "..\..\R5T.T0161\source\R5T.T0161\R5T.T0161.csproj", "{9225BE0D-1458-4373-80F6-CA1473119DA9}"
EndProject
Project("{9A19103F-16F7-4668-BE54-9A1E7A4F7556}") = "R5T.T0172", "..\..\R5T.T0172\source\R5T.T0172\R5T.T0172.csproj", "{B1C31D36-90EE-44AD-AAB0-534268E0ECA3}"
EndProject
Project("{9A19103F-16F7-4668-BE54-9A1E7A4F7556}") = "R5T.T0174", "..\..\R5T.T0174\source\R5T.T0174\R5T.T0174.csproj", "{3B8D4BD3-6D72-4C0F-8885-FFBC0FE7178C}"
EndProject
Project("{9A19103F-16F7-4668-BE54-9A1E7A4F7556}") = "R5T.T0176", "..\..\R5T.T0176\source\R5T.T0176\R5T.T0176.csproj", "{642F4EB0-FE74-4E81-AAE2-A2AE78CB149D}"
EndProject
Project("{9A19103F-16F7-4668-BE54-9A1E7A4F7556}") = "R5T.T0177", "..\..\R5T.T0177\source\R5T.T0177\R5T.T0177.csproj", "{674E6A9A-E677-41D6-BE59-CE5681673D87}"
EndProject
Project("{9A19103F-16F7-4668-BE54-9A1E7A4F7556}") = "R5T.T0178", "..\..\R5T.T0178\source\R5T.T0178\R5T.T0178.csproj", "{312EA6A0-1DF0-4494-8547-D7F335612564}"
EndProject
Project("{9A19103F-16F7-4668-BE54-9A1E7A4F7556}") = "R5T.T0179", "..\..\R5T.T0179\source\R5T.T0179\R5T.T0179.csproj", "{74B8C57A-3AEA-4A4A-AFA1-E7267D3E209A}"
EndProject
Project("{9A19103F-16F7-4668-BE54-9A1E7A4F7556}") = "R5T.T0180", "..\..\R5T.T0180\source\R5T.T0180\R5T.T0180.csproj", "{3F604BF8-422F-463D-994E-B251AB942493}"
EndProject
Project("{9A19103F-16F7-4668-BE54-9A1E7A4F7556}") = "R5T.T0181", "..\..\R5T.T0181\source\R5T.T0181\R5T.T0181.csproj", "{89EFB02B-BC6D-4AE3-9239-0B1C4D044F92}"
EndProject
Project("{9A19103F-16F7-4668-BE54-9A1E7A4F7556}") = "R5T.T0185", "..\..\R5T.T0185\source\R5T.T0185\R5T.T0185.csproj", "{436A2397-685F-4867-B061-091BEADC40B9}"
EndProject
Project("{9A19103F-16F7-4668-BE54-9A1E7A4F7556}") = "R5T.T0199.T000", "..\..\R5T.T0199\source\R5T.T0199.T000\R5T.T0199.T000.csproj", "{72814FF8-99FA-4BD3-9153-99E61C8B0E31}"
EndProject
Project("{9A19103F-16F7-4668-BE54-9A1E7A4F7556}") = "R5T.T0199.T001", "..\..\R5T.T0199\source\R5T.T0199.T001\R5T.T0199.T001.csproj", "{82CD15C9-13BC-4664-8F3C-9FEDDE6001E9}"
EndProject
Project("{9A19103F-16F7-4668-BE54-9A1E7A4F7556}") = "R5T.T0199", "..\..\R5T.T0199\source\R5T.T0199\R5T.T0199.csproj", "{773DC662-FF14-4586-9AE3-4DAB8329EC2C}"
EndProject
Project("{9A19103F-16F7-4668-BE54-9A1E7A4F7556}") = "R5T.T0203", "..\..\R5T.T0203\source\R5T.T0203\R5T.T0203.csproj", "{F2AC7B52-F497-4341-87C5-789E85F23FAB}"
EndProject
Project("{9A19103F-16F7-4668-BE54-9A1E7A4F7556}") = "R5T.T0213", "..\..\R5T.T0213\source\R5T.T0213\R5T.T0213.csproj", "{7F78D758-2B6B-4E4C-9798-8499DEC4A4A7}"
EndProject
Project("{9A19103F-16F7-4668-BE54-9A1E7A4F7556}") = "R5T.T0218", "..\..\R5T.T0218\source\R5T.T0218\R5T.T0218.csproj", "{D1EC84C7-716C-4B1E-8146-570730D43CFB}"
EndProject
Project("{9A19103F-16F7-4668-BE54-9A1E7A4F7556}") = "R5T.T0219", "..\..\R5T.T0219\source\R5T.T0219\R5T.T0219.csproj", "{537E9C11-CB47-4787-BFC9-9F4D8734FA60}"
EndProject
Project("{9A19103F-16F7-4668-BE54-9A1E7A4F7556}") = "R5T.T0220", "..\..\R5T.T0220\source\R5T.T0220\R5T.T0220.csproj", "{1C57479F-C043-4131-9F66-3D0372BB433E}"
EndProject
Project("{9A19103F-16F7-4668-BE54-9A1E7A4F7556}") = "R5T.T0221", "..\..\R5T.T0221\source\R5T.T0221\R5T.T0221.csproj", "{6C139D35-852E-44D7-97B0-245AEA6EEAC0}"
EndProject
Project("{9A19103F-16F7-4668-BE54-9A1E7A4F7556}") = "R5T.T0227", "..\..\R5T.T0227\source\R5T.T0227\R5T.T0227.csproj", "{23346203-124E-4CCD-8205-3E1E8948A53F}"
EndProject
Project("{9A19103F-16F7-4668-BE54-9A1E7A4F7556}") = "R5T.Y0000", "..\..\R5T.Y0000\source\R5T.Y0000\R5T.Y0000.csproj", "{BDCF87F1-86DF-488C-9EC5-4329D56D270D}"
EndProject
Project("{9A19103F-16F7-4668-BE54-9A1E7A4F7556}") = "R5T.Y0006", "..\..\R5T.Y0006\source\R5T.Y0006\R5T.Y0006.csproj", "{F3578168-E017-43B0-AAE0-431D348520BB}"
EndProject
Project("{9A19103F-16F7-4668-BE54-9A1E7A4F7556}") = "R5T.Z0000", "..\..\R5T.Z0000\source\R5T.Z0000\R5T.Z0000.csproj", "{B9F9A852-AFC5-4A4C-AEC5-B81552625BDD}"
EndProject
Project("{9A19103F-16F7-4668-BE54-9A1E7A4F7556}") = "R5T.Z0010.Platform", "..\..\R5T.Z0010\source\R5T.Z0010.Platform\R5T.Z0010.Platform.csproj", "{A6DCD739-B3D1-4C0F-94DF-01F517F93000}"
EndProject
Project("{9A19103F-16F7-4668-BE54-9A1E7A4F7556}") = "R5T.Z0010", "..\..\R5T.Z0010\source\R5T.Z0010\R5T.Z0010.csproj", "{B40E1CEC-1FFB-4256-AE1E-E9126683BD1E}"
EndProject
Project("{9A19103F-16F7-4668-BE54-9A1E7A4F7556}") = "R5T.Z0057.Platform", "..\..\R5T.Z0057\source\R5T.Z0057.Platform\R5T.Z0057.Platform.csproj", "{5C7942B3-B158-438E-858E-44F19FBDD7E7}"
EndProject
Project("{9A19103F-16F7-4668-BE54-9A1E7A4F7556}") = "R5T.Z0057", "..\..\R5T.Z0057\source\R5T.Z0057\R5T.Z0057.csproj", "{6DAE42CA-BD39-4641-A30D-610C68667DDC}"
EndProject
Project("{9A19103F-16F7-4668-BE54-9A1E7A4F7556}") = "R5T.Z0058", "..\..\R5T.Z0058\source\R5T.Z0058\R5T.Z0058.csproj", "{7BC1BD32-8928-4096-93E1-1C8270ABEB97}"
EndProject
Global
	GlobalSection(SolutionConfigurationPlatforms) = preSolution
		Debug|Any CPU = Debug|Any CPU
		Release|Any CPU = Release|Any CPU
	EndGlobalSection
	GlobalSection(ProjectConfigurationPlatforms) = postSolution
		{A02D998A-2624-415F-BC3D-87932DC2D94E}.Debug|Any CPU.ActiveCfg = Debug|Any CPU
		{A02D998A-2624-415F-BC3D-87932DC2D94E}.Debug|Any CPU.Build.0 = Debug|Any CPU
		{A02D998A-2624-415F-BC3D-87932DC2D94E}.Release|Any CPU.ActiveCfg = Release|Any CPU
		{A02D998A-2624-415F-BC3D-87932DC2D94E}.Release|Any CPU.Build.0 = Release|Any CPU
		{B4C93A83-D224-4FDF-9FDB-E7950B58B04D}.Debug|Any CPU.ActiveCfg = Debug|Any CPU
		{B4C93A83-D224-4FDF-9FDB-E7950B58B04D}.Debug|Any CPU.Build.0 = Debug|Any CPU
		{B4C93A83-D224-4FDF-9FDB-E7950B58B04D}.Release|Any CPU.ActiveCfg = Release|Any CPU
		{B4C93A83-D224-4FDF-9FDB-E7950B58B04D}.Release|Any CPU.Build.0 = Release|Any CPU
		{2F221A75-FEC6-4C80-B298-5324319C90D0}.Debug|Any CPU.ActiveCfg = Debug|Any CPU
		{2F221A75-FEC6-4C80-B298-5324319C90D0}.Debug|Any CPU.Build.0 = Debug|Any CPU
		{2F221A75-FEC6-4C80-B298-5324319C90D0}.Release|Any CPU.ActiveCfg = Release|Any CPU
		{2F221A75-FEC6-4C80-B298-5324319C90D0}.Release|Any CPU.Build.0 = Release|Any CPU
		{7E091614-9714-469C-B912-5B67B4B4E338}.Debug|Any CPU.ActiveCfg = Debug|Any CPU
		{7E091614-9714-469C-B912-5B67B4B4E338}.Debug|Any CPU.Build.0 = Debug|Any CPU
		{7E091614-9714-469C-B912-5B67B4B4E338}.Release|Any CPU.ActiveCfg = Release|Any CPU
		{7E091614-9714-469C-B912-5B67B4B4E338}.Release|Any CPU.Build.0 = Release|Any CPU
		{F871CC1F-A0C9-453F-A700-4CDE07DE2F2C}.Debug|Any CPU.ActiveCfg = Debug|Any CPU
		{F871CC1F-A0C9-453F-A700-4CDE07DE2F2C}.Debug|Any CPU.Build.0 = Debug|Any CPU
		{F871CC1F-A0C9-453F-A700-4CDE07DE2F2C}.Release|Any CPU.ActiveCfg = Release|Any CPU
		{F871CC1F-A0C9-453F-A700-4CDE07DE2F2C}.Release|Any CPU.Build.0 = Release|Any CPU
		{07D98E59-B1D3-4F84-83B9-3D99EC2CDA93}.Debug|Any CPU.ActiveCfg = Debug|Any CPU
		{07D98E59-B1D3-4F84-83B9-3D99EC2CDA93}.Debug|Any CPU.Build.0 = Debug|Any CPU
		{07D98E59-B1D3-4F84-83B9-3D99EC2CDA93}.Release|Any CPU.ActiveCfg = Release|Any CPU
		{07D98E59-B1D3-4F84-83B9-3D99EC2CDA93}.Release|Any CPU.Build.0 = Release|Any CPU
		{8E93DA91-C62D-41B2-887B-90F617CE1ADD}.Debug|Any CPU.ActiveCfg = Debug|Any CPU
		{8E93DA91-C62D-41B2-887B-90F617CE1ADD}.Debug|Any CPU.Build.0 = Debug|Any CPU
		{8E93DA91-C62D-41B2-887B-90F617CE1ADD}.Release|Any CPU.ActiveCfg = Release|Any CPU
		{8E93DA91-C62D-41B2-887B-90F617CE1ADD}.Release|Any CPU.Build.0 = Release|Any CPU
		{7624FE6C-A2BD-454E-8EC0-77503E7174B0}.Debug|Any CPU.ActiveCfg = Debug|Any CPU
		{7624FE6C-A2BD-454E-8EC0-77503E7174B0}.Debug|Any CPU.Build.0 = Debug|Any CPU
		{7624FE6C-A2BD-454E-8EC0-77503E7174B0}.Release|Any CPU.ActiveCfg = Release|Any CPU
		{7624FE6C-A2BD-454E-8EC0-77503E7174B0}.Release|Any CPU.Build.0 = Release|Any CPU
		{EB64DE5D-8E36-4E92-8588-6A02F042BF78}.Debug|Any CPU.ActiveCfg = Debug|Any CPU
		{EB64DE5D-8E36-4E92-8588-6A02F042BF78}.Debug|Any CPU.Build.0 = Debug|Any CPU
		{EB64DE5D-8E36-4E92-8588-6A02F042BF78}.Release|Any CPU.ActiveCfg = Release|Any CPU
		{EB64DE5D-8E36-4E92-8588-6A02F042BF78}.Release|Any CPU.Build.0 = Release|Any CPU
		{39A58CB6-D3AC-435C-B86A-E1EBBF6E92F8}.Debug|Any CPU.ActiveCfg = Debug|Any CPU
		{39A58CB6-D3AC-435C-B86A-E1EBBF6E92F8}.Debug|Any CPU.Build.0 = Debug|Any CPU
		{39A58CB6-D3AC-435C-B86A-E1EBBF6E92F8}.Release|Any CPU.ActiveCfg = Release|Any CPU
		{39A58CB6-D3AC-435C-B86A-E1EBBF6E92F8}.Release|Any CPU.Build.0 = Release|Any CPU
		{ED75667F-D342-4041-BBFF-4E501CE202DC}.Debug|Any CPU.ActiveCfg = Debug|Any CPU
		{ED75667F-D342-4041-BBFF-4E501CE202DC}.Debug|Any CPU.Build.0 = Debug|Any CPU
		{ED75667F-D342-4041-BBFF-4E501CE202DC}.Release|Any CPU.ActiveCfg = Release|Any CPU
		{ED75667F-D342-4041-BBFF-4E501CE202DC}.Release|Any CPU.Build.0 = Release|Any CPU
		{EA8BEF9C-C489-44A6-A584-9651F54452D5}.Debug|Any CPU.ActiveCfg = Debug|Any CPU
		{EA8BEF9C-C489-44A6-A584-9651F54452D5}.Debug|Any CPU.Build.0 = Debug|Any CPU
		{EA8BEF9C-C489-44A6-A584-9651F54452D5}.Release|Any CPU.ActiveCfg = Release|Any CPU
		{EA8BEF9C-C489-44A6-A584-9651F54452D5}.Release|Any CPU.Build.0 = Release|Any CPU
		{1088FC36-CACB-4529-A06F-663F91B32D49}.Debug|Any CPU.ActiveCfg = Debug|Any CPU
		{1088FC36-CACB-4529-A06F-663F91B32D49}.Debug|Any CPU.Build.0 = Debug|Any CPU
		{1088FC36-CACB-4529-A06F-663F91B32D49}.Release|Any CPU.ActiveCfg = Release|Any CPU
		{1088FC36-CACB-4529-A06F-663F91B32D49}.Release|Any CPU.Build.0 = Release|Any CPU
		{F899679D-DED6-4445-8EA2-DCEDE8FC2369}.Debug|Any CPU.ActiveCfg = Debug|Any CPU
		{F899679D-DED6-4445-8EA2-DCEDE8FC2369}.Debug|Any CPU.Build.0 = Debug|Any CPU
		{F899679D-DED6-4445-8EA2-DCEDE8FC2369}.Release|Any CPU.ActiveCfg = Release|Any CPU
		{F899679D-DED6-4445-8EA2-DCEDE8FC2369}.Release|Any CPU.Build.0 = Release|Any CPU
		{89D3A3FD-4C45-4E67-8E41-FAD6442D61CB}.Debug|Any CPU.ActiveCfg = Debug|Any CPU
		{89D3A3FD-4C45-4E67-8E41-FAD6442D61CB}.Debug|Any CPU.Build.0 = Debug|Any CPU
		{89D3A3FD-4C45-4E67-8E41-FAD6442D61CB}.Release|Any CPU.ActiveCfg = Release|Any CPU
		{89D3A3FD-4C45-4E67-8E41-FAD6442D61CB}.Release|Any CPU.Build.0 = Release|Any CPU
		{CBE37D34-B978-492A-9025-A285A44838AF}.Debug|Any CPU.ActiveCfg = Debug|Any CPU
		{CBE37D34-B978-492A-9025-A285A44838AF}.Debug|Any CPU.Build.0 = Debug|Any CPU
		{CBE37D34-B978-492A-9025-A285A44838AF}.Release|Any CPU.ActiveCfg = Release|Any CPU
		{CBE37D34-B978-492A-9025-A285A44838AF}.Release|Any CPU.Build.0 = Release|Any CPU
		{7553A5AF-E488-4A47-99F0-6F5623FEAA09}.Debug|Any CPU.ActiveCfg = Debug|Any CPU
		{7553A5AF-E488-4A47-99F0-6F5623FEAA09}.Debug|Any CPU.Build.0 = Debug|Any CPU
		{7553A5AF-E488-4A47-99F0-6F5623FEAA09}.Release|Any CPU.ActiveCfg = Release|Any CPU
		{7553A5AF-E488-4A47-99F0-6F5623FEAA09}.Release|Any CPU.Build.0 = Release|Any CPU
		{C9418B36-EEF7-4BF0-A674-81C3E9F56605}.Debug|Any CPU.ActiveCfg = Debug|Any CPU
		{C9418B36-EEF7-4BF0-A674-81C3E9F56605}.Debug|Any CPU.Build.0 = Debug|Any CPU
		{C9418B36-EEF7-4BF0-A674-81C3E9F56605}.Release|Any CPU.ActiveCfg = Release|Any CPU
		{C9418B36-EEF7-4BF0-A674-81C3E9F56605}.Release|Any CPU.Build.0 = Release|Any CPU
		{ECBA5CCB-413D-44CF-A130-1095237DD384}.Debug|Any CPU.ActiveCfg = Debug|Any CPU
		{ECBA5CCB-413D-44CF-A130-1095237DD384}.Debug|Any CPU.Build.0 = Debug|Any CPU
		{ECBA5CCB-413D-44CF-A130-1095237DD384}.Release|Any CPU.ActiveCfg = Release|Any CPU
		{ECBA5CCB-413D-44CF-A130-1095237DD384}.Release|Any CPU.Build.0 = Release|Any CPU
		{0EDD1FF9-ADE6-4878-82E6-5EA28853560C}.Debug|Any CPU.ActiveCfg = Debug|Any CPU
		{0EDD1FF9-ADE6-4878-82E6-5EA28853560C}.Debug|Any CPU.Build.0 = Debug|Any CPU
		{0EDD1FF9-ADE6-4878-82E6-5EA28853560C}.Release|Any CPU.ActiveCfg = Release|Any CPU
		{0EDD1FF9-ADE6-4878-82E6-5EA28853560C}.Release|Any CPU.Build.0 = Release|Any CPU
		{5AFFE210-F5F5-42B0-97F9-A376325BC8EA}.Debug|Any CPU.ActiveCfg = Debug|Any CPU
		{5AFFE210-F5F5-42B0-97F9-A376325BC8EA}.Debug|Any CPU.Build.0 = Debug|Any CPU
		{5AFFE210-F5F5-42B0-97F9-A376325BC8EA}.Release|Any CPU.ActiveCfg = Release|Any CPU
		{5AFFE210-F5F5-42B0-97F9-A376325BC8EA}.Release|Any CPU.Build.0 = Release|Any CPU
		{8763ACC3-EF06-4CBD-A886-930BBEC03C35}.Debug|Any CPU.ActiveCfg = Debug|Any CPU
		{8763ACC3-EF06-4CBD-A886-930BBEC03C35}.Debug|Any CPU.Build.0 = Debug|Any CPU
		{8763ACC3-EF06-4CBD-A886-930BBEC03C35}.Release|Any CPU.ActiveCfg = Release|Any CPU
		{8763ACC3-EF06-4CBD-A886-930BBEC03C35}.Release|Any CPU.Build.0 = Release|Any CPU
		{1394AF54-B643-4082-9BDF-C06AB2C75C0A}.Debug|Any CPU.ActiveCfg = Debug|Any CPU
		{1394AF54-B643-4082-9BDF-C06AB2C75C0A}.Debug|Any CPU.Build.0 = Debug|Any CPU
		{1394AF54-B643-4082-9BDF-C06AB2C75C0A}.Release|Any CPU.ActiveCfg = Release|Any CPU
		{1394AF54-B643-4082-9BDF-C06AB2C75C0A}.Release|Any CPU.Build.0 = Release|Any CPU
		{8CE47629-3FB0-49DD-8D27-71E0D7B4D1B2}.Debug|Any CPU.ActiveCfg = Debug|Any CPU
		{8CE47629-3FB0-49DD-8D27-71E0D7B4D1B2}.Debug|Any CPU.Build.0 = Debug|Any CPU
		{8CE47629-3FB0-49DD-8D27-71E0D7B4D1B2}.Release|Any CPU.ActiveCfg = Release|Any CPU
		{8CE47629-3FB0-49DD-8D27-71E0D7B4D1B2}.Release|Any CPU.Build.0 = Release|Any CPU
		{008F62F7-27C4-4A8C-B2A6-D5A448D6889F}.Debug|Any CPU.ActiveCfg = Debug|Any CPU
		{008F62F7-27C4-4A8C-B2A6-D5A448D6889F}.Debug|Any CPU.Build.0 = Debug|Any CPU
		{008F62F7-27C4-4A8C-B2A6-D5A448D6889F}.Release|Any CPU.ActiveCfg = Release|Any CPU
		{008F62F7-27C4-4A8C-B2A6-D5A448D6889F}.Release|Any CPU.Build.0 = Release|Any CPU
		{5DB22E5A-31AC-49E0-8213-4D1E83E758D5}.Debug|Any CPU.ActiveCfg = Debug|Any CPU
		{5DB22E5A-31AC-49E0-8213-4D1E83E758D5}.Debug|Any CPU.Build.0 = Debug|Any CPU
		{5DB22E5A-31AC-49E0-8213-4D1E83E758D5}.Release|Any CPU.ActiveCfg = Release|Any CPU
		{5DB22E5A-31AC-49E0-8213-4D1E83E758D5}.Release|Any CPU.Build.0 = Release|Any CPU
		{7DAF5D1D-F6CD-40C0-8BF2-EB2810C5F941}.Debug|Any CPU.ActiveCfg = Debug|Any CPU
		{7DAF5D1D-F6CD-40C0-8BF2-EB2810C5F941}.Debug|Any CPU.Build.0 = Debug|Any CPU
		{7DAF5D1D-F6CD-40C0-8BF2-EB2810C5F941}.Release|Any CPU.ActiveCfg = Release|Any CPU
		{7DAF5D1D-F6CD-40C0-8BF2-EB2810C5F941}.Release|Any CPU.Build.0 = Release|Any CPU
		{83249CB6-E943-452C-976B-0D618C6952C5}.Debug|Any CPU.ActiveCfg = Debug|Any CPU
		{83249CB6-E943-452C-976B-0D618C6952C5}.Debug|Any CPU.Build.0 = Debug|Any CPU
		{83249CB6-E943-452C-976B-0D618C6952C5}.Release|Any CPU.ActiveCfg = Release|Any CPU
		{83249CB6-E943-452C-976B-0D618C6952C5}.Release|Any CPU.Build.0 = Release|Any CPU
		{82CC906E-5A0C-4645-9C65-B7A8DC4D3062}.Debug|Any CPU.ActiveCfg = Debug|Any CPU
		{82CC906E-5A0C-4645-9C65-B7A8DC4D3062}.Debug|Any CPU.Build.0 = Debug|Any CPU
		{82CC906E-5A0C-4645-9C65-B7A8DC4D3062}.Release|Any CPU.ActiveCfg = Release|Any CPU
		{82CC906E-5A0C-4645-9C65-B7A8DC4D3062}.Release|Any CPU.Build.0 = Release|Any CPU
		{9225BE0D-1458-4373-80F6-CA1473119DA9}.Debug|Any CPU.ActiveCfg = Debug|Any CPU
		{9225BE0D-1458-4373-80F6-CA1473119DA9}.Debug|Any CPU.Build.0 = Debug|Any CPU
		{9225BE0D-1458-4373-80F6-CA1473119DA9}.Release|Any CPU.ActiveCfg = Release|Any CPU
		{9225BE0D-1458-4373-80F6-CA1473119DA9}.Release|Any CPU.Build.0 = Release|Any CPU
		{B1C31D36-90EE-44AD-AAB0-534268E0ECA3}.Debug|Any CPU.ActiveCfg = Debug|Any CPU
		{B1C31D36-90EE-44AD-AAB0-534268E0ECA3}.Debug|Any CPU.Build.0 = Debug|Any CPU
		{B1C31D36-90EE-44AD-AAB0-534268E0ECA3}.Release|Any CPU.ActiveCfg = Release|Any CPU
		{B1C31D36-90EE-44AD-AAB0-534268E0ECA3}.Release|Any CPU.Build.0 = Release|Any CPU
		{3B8D4BD3-6D72-4C0F-8885-FFBC0FE7178C}.Debug|Any CPU.ActiveCfg = Debug|Any CPU
		{3B8D4BD3-6D72-4C0F-8885-FFBC0FE7178C}.Debug|Any CPU.Build.0 = Debug|Any CPU
		{3B8D4BD3-6D72-4C0F-8885-FFBC0FE7178C}.Release|Any CPU.ActiveCfg = Release|Any CPU
		{3B8D4BD3-6D72-4C0F-8885-FFBC0FE7178C}.Release|Any CPU.Build.0 = Release|Any CPU
		{642F4EB0-FE74-4E81-AAE2-A2AE78CB149D}.Debug|Any CPU.ActiveCfg = Debug|Any CPU
		{642F4EB0-FE74-4E81-AAE2-A2AE78CB149D}.Debug|Any CPU.Build.0 = Debug|Any CPU
		{642F4EB0-FE74-4E81-AAE2-A2AE78CB149D}.Release|Any CPU.ActiveCfg = Release|Any CPU
		{642F4EB0-FE74-4E81-AAE2-A2AE78CB149D}.Release|Any CPU.Build.0 = Release|Any CPU
		{674E6A9A-E677-41D6-BE59-CE5681673D87}.Debug|Any CPU.ActiveCfg = Debug|Any CPU
		{674E6A9A-E677-41D6-BE59-CE5681673D87}.Debug|Any CPU.Build.0 = Debug|Any CPU
		{674E6A9A-E677-41D6-BE59-CE5681673D87}.Release|Any CPU.ActiveCfg = Release|Any CPU
		{674E6A9A-E677-41D6-BE59-CE5681673D87}.Release|Any CPU.Build.0 = Release|Any CPU
		{312EA6A0-1DF0-4494-8547-D7F335612564}.Debug|Any CPU.ActiveCfg = Debug|Any CPU
		{312EA6A0-1DF0-4494-8547-D7F335612564}.Debug|Any CPU.Build.0 = Debug|Any CPU
		{312EA6A0-1DF0-4494-8547-D7F335612564}.Release|Any CPU.ActiveCfg = Release|Any CPU
		{312EA6A0-1DF0-4494-8547-D7F335612564}.Release|Any CPU.Build.0 = Release|Any CPU
		{74B8C57A-3AEA-4A4A-AFA1-E7267D3E209A}.Debug|Any CPU.ActiveCfg = Debug|Any CPU
		{74B8C57A-3AEA-4A4A-AFA1-E7267D3E209A}.Debug|Any CPU.Build.0 = Debug|Any CPU
		{74B8C57A-3AEA-4A4A-AFA1-E7267D3E209A}.Release|Any CPU.ActiveCfg = Release|Any CPU
		{74B8C57A-3AEA-4A4A-AFA1-E7267D3E209A}.Release|Any CPU.Build.0 = Release|Any CPU
		{3F604BF8-422F-463D-994E-B251AB942493}.Debug|Any CPU.ActiveCfg = Debug|Any CPU
		{3F604BF8-422F-463D-994E-B251AB942493}.Debug|Any CPU.Build.0 = Debug|Any CPU
		{3F604BF8-422F-463D-994E-B251AB942493}.Release|Any CPU.ActiveCfg = Release|Any CPU
		{3F604BF8-422F-463D-994E-B251AB942493}.Release|Any CPU.Build.0 = Release|Any CPU
		{89EFB02B-BC6D-4AE3-9239-0B1C4D044F92}.Debug|Any CPU.ActiveCfg = Debug|Any CPU
		{89EFB02B-BC6D-4AE3-9239-0B1C4D044F92}.Debug|Any CPU.Build.0 = Debug|Any CPU
		{89EFB02B-BC6D-4AE3-9239-0B1C4D044F92}.Release|Any CPU.ActiveCfg = Release|Any CPU
		{89EFB02B-BC6D-4AE3-9239-0B1C4D044F92}.Release|Any CPU.Build.0 = Release|Any CPU
		{436A2397-685F-4867-B061-091BEADC40B9}.Debug|Any CPU.ActiveCfg = Debug|Any CPU
		{436A2397-685F-4867-B061-091BEADC40B9}.Debug|Any CPU.Build.0 = Debug|Any CPU
		{436A2397-685F-4867-B061-091BEADC40B9}.Release|Any CPU.ActiveCfg = Release|Any CPU
		{436A2397-685F-4867-B061-091BEADC40B9}.Release|Any CPU.Build.0 = Release|Any CPU
		{72814FF8-99FA-4BD3-9153-99E61C8B0E31}.Debug|Any CPU.ActiveCfg = Debug|Any CPU
		{72814FF8-99FA-4BD3-9153-99E61C8B0E31}.Debug|Any CPU.Build.0 = Debug|Any CPU
		{72814FF8-99FA-4BD3-9153-99E61C8B0E31}.Release|Any CPU.ActiveCfg = Release|Any CPU
		{72814FF8-99FA-4BD3-9153-99E61C8B0E31}.Release|Any CPU.Build.0 = Release|Any CPU
		{82CD15C9-13BC-4664-8F3C-9FEDDE6001E9}.Debug|Any CPU.ActiveCfg = Debug|Any CPU
		{82CD15C9-13BC-4664-8F3C-9FEDDE6001E9}.Debug|Any CPU.Build.0 = Debug|Any CPU
		{82CD15C9-13BC-4664-8F3C-9FEDDE6001E9}.Release|Any CPU.ActiveCfg = Release|Any CPU
		{82CD15C9-13BC-4664-8F3C-9FEDDE6001E9}.Release|Any CPU.Build.0 = Release|Any CPU
		{773DC662-FF14-4586-9AE3-4DAB8329EC2C}.Debug|Any CPU.ActiveCfg = Debug|Any CPU
		{773DC662-FF14-4586-9AE3-4DAB8329EC2C}.Debug|Any CPU.Build.0 = Debug|Any CPU
		{773DC662-FF14-4586-9AE3-4DAB8329EC2C}.Release|Any CPU.ActiveCfg = Release|Any CPU
		{773DC662-FF14-4586-9AE3-4DAB8329EC2C}.Release|Any CPU.Build.0 = Release|Any CPU
		{F2AC7B52-F497-4341-87C5-789E85F23FAB}.Debug|Any CPU.ActiveCfg = Debug|Any CPU
		{F2AC7B52-F497-4341-87C5-789E85F23FAB}.Debug|Any CPU.Build.0 = Debug|Any CPU
		{F2AC7B52-F497-4341-87C5-789E85F23FAB}.Release|Any CPU.ActiveCfg = Release|Any CPU
		{F2AC7B52-F497-4341-87C5-789E85F23FAB}.Release|Any CPU.Build.0 = Release|Any CPU
		{7F78D758-2B6B-4E4C-9798-8499DEC4A4A7}.Debug|Any CPU.ActiveCfg = Debug|Any CPU
		{7F78D758-2B6B-4E4C-9798-8499DEC4A4A7}.Debug|Any CPU.Build.0 = Debug|Any CPU
		{7F78D758-2B6B-4E4C-9798-8499DEC4A4A7}.Release|Any CPU.ActiveCfg = Release|Any CPU
		{7F78D758-2B6B-4E4C-9798-8499DEC4A4A7}.Release|Any CPU.Build.0 = Release|Any CPU
		{D1EC84C7-716C-4B1E-8146-570730D43CFB}.Debug|Any CPU.ActiveCfg = Debug|Any CPU
		{D1EC84C7-716C-4B1E-8146-570730D43CFB}.Debug|Any CPU.Build.0 = Debug|Any CPU
		{D1EC84C7-716C-4B1E-8146-570730D43CFB}.Release|Any CPU.ActiveCfg = Release|Any CPU
		{D1EC84C7-716C-4B1E-8146-570730D43CFB}.Release|Any CPU.Build.0 = Release|Any CPU
		{537E9C11-CB47-4787-BFC9-9F4D8734FA60}.Debug|Any CPU.ActiveCfg = Debug|Any CPU
		{537E9C11-CB47-4787-BFC9-9F4D8734FA60}.Debug|Any CPU.Build.0 = Debug|Any CPU
		{537E9C11-CB47-4787-BFC9-9F4D8734FA60}.Release|Any CPU.ActiveCfg = Release|Any CPU
		{537E9C11-CB47-4787-BFC9-9F4D8734FA60}.Release|Any CPU.Build.0 = Release|Any CPU
		{1C57479F-C043-4131-9F66-3D0372BB433E}.Debug|Any CPU.ActiveCfg = Debug|Any CPU
		{1C57479F-C043-4131-9F66-3D0372BB433E}.Debug|Any CPU.Build.0 = Debug|Any CPU
		{1C57479F-C043-4131-9F66-3D0372BB433E}.Release|Any CPU.ActiveCfg = Release|Any CPU
		{1C57479F-C043-4131-9F66-3D0372BB433E}.Release|Any CPU.Build.0 = Release|Any CPU
		{6C139D35-852E-44D7-97B0-245AEA6EEAC0}.Debug|Any CPU.ActiveCfg = Debug|Any CPU
		{6C139D35-852E-44D7-97B0-245AEA6EEAC0}.Debug|Any CPU.Build.0 = Debug|Any CPU
		{6C139D35-852E-44D7-97B0-245AEA6EEAC0}.Release|Any CPU.ActiveCfg = Release|Any CPU
		{6C139D35-852E-44D7-97B0-245AEA6EEAC0}.Release|Any CPU.Build.0 = Release|Any CPU
		{23346203-124E-4CCD-8205-3E1E8948A53F}.Debug|Any CPU.ActiveCfg = Debug|Any CPU
		{23346203-124E-4CCD-8205-3E1E8948A53F}.Debug|Any CPU.Build.0 = Debug|Any CPU
		{23346203-124E-4CCD-8205-3E1E8948A53F}.Release|Any CPU.ActiveCfg = Release|Any CPU
		{23346203-124E-4CCD-8205-3E1E8948A53F}.Release|Any CPU.Build.0 = Release|Any CPU
		{BDCF87F1-86DF-488C-9EC5-4329D56D270D}.Debug|Any CPU.ActiveCfg = Debug|Any CPU
		{BDCF87F1-86DF-488C-9EC5-4329D56D270D}.Debug|Any CPU.Build.0 = Debug|Any CPU
		{BDCF87F1-86DF-488C-9EC5-4329D56D270D}.Release|Any CPU.ActiveCfg = Release|Any CPU
		{BDCF87F1-86DF-488C-9EC5-4329D56D270D}.Release|Any CPU.Build.0 = Release|Any CPU
		{F3578168-E017-43B0-AAE0-431D348520BB}.Debug|Any CPU.ActiveCfg = Debug|Any CPU
		{F3578168-E017-43B0-AAE0-431D348520BB}.Debug|Any CPU.Build.0 = Debug|Any CPU
		{F3578168-E017-43B0-AAE0-431D348520BB}.Release|Any CPU.ActiveCfg = Release|Any CPU
		{F3578168-E017-43B0-AAE0-431D348520BB}.Release|Any CPU.Build.0 = Release|Any CPU
		{B9F9A852-AFC5-4A4C-AEC5-B81552625BDD}.Debug|Any CPU.ActiveCfg = Debug|Any CPU
		{B9F9A852-AFC5-4A4C-AEC5-B81552625BDD}.Debug|Any CPU.Build.0 = Debug|Any CPU
		{B9F9A852-AFC5-4A4C-AEC5-B81552625BDD}.Release|Any CPU.ActiveCfg = Release|Any CPU
		{B9F9A852-AFC5-4A4C-AEC5-B81552625BDD}.Release|Any CPU.Build.0 = Release|Any CPU
		{A6DCD739-B3D1-4C0F-94DF-01F517F93000}.Debug|Any CPU.ActiveCfg = Debug|Any CPU
		{A6DCD739-B3D1-4C0F-94DF-01F517F93000}.Debug|Any CPU.Build.0 = Debug|Any CPU
		{A6DCD739-B3D1-4C0F-94DF-01F517F93000}.Release|Any CPU.ActiveCfg = Release|Any CPU
		{A6DCD739-B3D1-4C0F-94DF-01F517F93000}.Release|Any CPU.Build.0 = Release|Any CPU
		{B40E1CEC-1FFB-4256-AE1E-E9126683BD1E}.Debug|Any CPU.ActiveCfg = Debug|Any CPU
		{B40E1CEC-1FFB-4256-AE1E-E9126683BD1E}.Debug|Any CPU.Build.0 = Debug|Any CPU
		{B40E1CEC-1FFB-4256-AE1E-E9126683BD1E}.Release|Any CPU.ActiveCfg = Release|Any CPU
		{B40E1CEC-1FFB-4256-AE1E-E9126683BD1E}.Release|Any CPU.Build.0 = Release|Any CPU
		{5C7942B3-B158-438E-858E-44F19FBDD7E7}.Debug|Any CPU.ActiveCfg = Debug|Any CPU
		{5C7942B3-B158-438E-858E-44F19FBDD7E7}.Debug|Any CPU.Build.0 = Debug|Any CPU
		{5C7942B3-B158-438E-858E-44F19FBDD7E7}.Release|Any CPU.ActiveCfg = Release|Any CPU
		{5C7942B3-B158-438E-858E-44F19FBDD7E7}.Release|Any CPU.Build.0 = Release|Any CPU
		{6DAE42CA-BD39-4641-A30D-610C68667DDC}.Debug|Any CPU.ActiveCfg = Debug|Any CPU
		{6DAE42CA-BD39-4641-A30D-610C68667DDC}.Debug|Any CPU.Build.0 = Debug|Any CPU
		{6DAE42CA-BD39-4641-A30D-610C68667DDC}.Release|Any CPU.ActiveCfg = Release|Any CPU
		{6DAE42CA-BD39-4641-A30D-610C68667DDC}.Release|Any CPU.Build.0 = Release|Any CPU
		{7BC1BD32-8928-4096-93E1-1C8270ABEB97}.Debug|Any CPU.ActiveCfg = Debug|Any CPU
		{7BC1BD32-8928-4096-93E1-1C8270ABEB97}.Debug|Any CPU.Build.0 = Debug|Any CPU
		{7BC1BD32-8928-4096-93E1-1C8270ABEB97}.Release|Any CPU.ActiveCfg = Release|Any CPU
		{7BC1BD32-8928-4096-93E1-1C8270ABEB97}.Release|Any CPU.Build.0 = Release|Any CPU
	EndGlobalSection
	GlobalSection(SolutionProperties) = preSolution
		HideSolutionNode = FALSE
	EndGlobalSection
	GlobalSection(NestedProjects) = preSolution
		{2F221A75-FEC6-4C80-B298-5324319C90D0} = {6177DB4F-90BF-4408-A981-5DDDB663695A}
		{7E091614-9714-469C-B912-5B67B4B4E338} = {6177DB4F-90BF-4408-A981-5DDDB663695A}
		{F871CC1F-A0C9-453F-A700-4CDE07DE2F2C} = {6177DB4F-90BF-4408-A981-5DDDB663695A}
		{07D98E59-B1D3-4F84-83B9-3D99EC2CDA93} = {6177DB4F-90BF-4408-A981-5DDDB663695A}
		{8E93DA91-C62D-41B2-887B-90F617CE1ADD} = {6177DB4F-90BF-4408-A981-5DDDB663695A}
		{7624FE6C-A2BD-454E-8EC0-77503E7174B0} = {6177DB4F-90BF-4408-A981-5DDDB663695A}
		{EB64DE5D-8E36-4E92-8588-6A02F042BF78} = {6177DB4F-90BF-4408-A981-5DDDB663695A}
		{39A58CB6-D3AC-435C-B86A-E1EBBF6E92F8} = {6177DB4F-90BF-4408-A981-5DDDB663695A}
		{ED75667F-D342-4041-BBFF-4E501CE202DC} = {6177DB4F-90BF-4408-A981-5DDDB663695A}
		{EA8BEF9C-C489-44A6-A584-9651F54452D5} = {6177DB4F-90BF-4408-A981-5DDDB663695A}
		{F899679D-DED6-4445-8EA2-DCEDE8FC2369} = {6177DB4F-90BF-4408-A981-5DDDB663695A}
		{89D3A3FD-4C45-4E67-8E41-FAD6442D61CB} = {6177DB4F-90BF-4408-A981-5DDDB663695A}
		{CBE37D34-B978-492A-9025-A285A44838AF} = {6177DB4F-90BF-4408-A981-5DDDB663695A}
		{7553A5AF-E488-4A47-99F0-6F5623FEAA09} = {6177DB4F-90BF-4408-A981-5DDDB663695A}
		{C9418B36-EEF7-4BF0-A674-81C3E9F56605} = {6177DB4F-90BF-4408-A981-5DDDB663695A}
		{ECBA5CCB-413D-44CF-A130-1095237DD384} = {6177DB4F-90BF-4408-A981-5DDDB663695A}
		{0EDD1FF9-ADE6-4878-82E6-5EA28853560C} = {6177DB4F-90BF-4408-A981-5DDDB663695A}
		{5AFFE210-F5F5-42B0-97F9-A376325BC8EA} = {6177DB4F-90BF-4408-A981-5DDDB663695A}
		{8763ACC3-EF06-4CBD-A886-930BBEC03C35} = {6177DB4F-90BF-4408-A981-5DDDB663695A}
		{1394AF54-B643-4082-9BDF-C06AB2C75C0A} = {6177DB4F-90BF-4408-A981-5DDDB663695A}
		{8CE47629-3FB0-49DD-8D27-71E0D7B4D1B2} = {6177DB4F-90BF-4408-A981-5DDDB663695A}
		{008F62F7-27C4-4A8C-B2A6-D5A448D6889F} = {6177DB4F-90BF-4408-A981-5DDDB663695A}
		{5DB22E5A-31AC-49E0-8213-4D1E83E758D5} = {6177DB4F-90BF-4408-A981-5DDDB663695A}
		{7DAF5D1D-F6CD-40C0-8BF2-EB2810C5F941} = {6177DB4F-90BF-4408-A981-5DDDB663695A}
		{83249CB6-E943-452C-976B-0D618C6952C5} = {6177DB4F-90BF-4408-A981-5DDDB663695A}
		{82CC906E-5A0C-4645-9C65-B7A8DC4D3062} = {6177DB4F-90BF-4408-A981-5DDDB663695A}
		{9225BE0D-1458-4373-80F6-CA1473119DA9} = {6177DB4F-90BF-4408-A981-5DDDB663695A}
		{B1C31D36-90EE-44AD-AAB0-534268E0ECA3} = {6177DB4F-90BF-4408-A981-5DDDB663695A}
		{3B8D4BD3-6D72-4C0F-8885-FFBC0FE7178C} = {6177DB4F-90BF-4408-A981-5DDDB663695A}
		{642F4EB0-FE74-4E81-AAE2-A2AE78CB149D} = {6177DB4F-90BF-4408-A981-5DDDB663695A}
		{674E6A9A-E677-41D6-BE59-CE5681673D87} = {6177DB4F-90BF-4408-A981-5DDDB663695A}
		{312EA6A0-1DF0-4494-8547-D7F335612564} = {6177DB4F-90BF-4408-A981-5DDDB663695A}
		{74B8C57A-3AEA-4A4A-AFA1-E7267D3E209A} = {6177DB4F-90BF-4408-A981-5DDDB663695A}
		{3F604BF8-422F-463D-994E-B251AB942493} = {6177DB4F-90BF-4408-A981-5DDDB663695A}
		{89EFB02B-BC6D-4AE3-9239-0B1C4D044F92} = {6177DB4F-90BF-4408-A981-5DDDB663695A}
		{436A2397-685F-4867-B061-091BEADC40B9} = {6177DB4F-90BF-4408-A981-5DDDB663695A}
		{72814FF8-99FA-4BD3-9153-99E61C8B0E31} = {6177DB4F-90BF-4408-A981-5DDDB663695A}
		{82CD15C9-13BC-4664-8F3C-9FEDDE6001E9} = {6177DB4F-90BF-4408-A981-5DDDB663695A}
		{773DC662-FF14-4586-9AE3-4DAB8329EC2C} = {6177DB4F-90BF-4408-A981-5DDDB663695A}
		{F2AC7B52-F497-4341-87C5-789E85F23FAB} = {6177DB4F-90BF-4408-A981-5DDDB663695A}
		{7F78D758-2B6B-4E4C-9798-8499DEC4A4A7} = {6177DB4F-90BF-4408-A981-5DDDB663695A}
		{D1EC84C7-716C-4B1E-8146-570730D43CFB} = {6177DB4F-90BF-4408-A981-5DDDB663695A}
		{537E9C11-CB47-4787-BFC9-9F4D8734FA60} = {6177DB4F-90BF-4408-A981-5DDDB663695A}
		{1C57479F-C043-4131-9F66-3D0372BB433E} = {6177DB4F-90BF-4408-A981-5DDDB663695A}
		{6C139D35-852E-44D7-97B0-245AEA6EEAC0} = {6177DB4F-90BF-4408-A981-5DDDB663695A}
		{23346203-124E-4CCD-8205-3E1E8948A53F} = {6177DB4F-90BF-4408-A981-5DDDB663695A}
		{BDCF87F1-86DF-488C-9EC5-4329D56D270D} = {6177DB4F-90BF-4408-A981-5DDDB663695A}
		{F3578168-E017-43B0-AAE0-431D348520BB} = {6177DB4F-90BF-4408-A981-5DDDB663695A}
		{B9F9A852-AFC5-4A4C-AEC5-B81552625BDD} = {6177DB4F-90BF-4408-A981-5DDDB663695A}
		{A6DCD739-B3D1-4C0F-94DF-01F517F93000} = {6177DB4F-90BF-4408-A981-5DDDB663695A}
		{B40E1CEC-1FFB-4256-AE1E-E9126683BD1E} = {6177DB4F-90BF-4408-A981-5DDDB663695A}
		{5C7942B3-B158-438E-858E-44F19FBDD7E7} = {6177DB4F-90BF-4408-A981-5DDDB663695A}
		{6DAE42CA-BD39-4641-A30D-610C68667DDC} = {6177DB4F-90BF-4408-A981-5DDDB663695A}
		{7BC1BD32-8928-4096-93E1-1C8270ABEB97} = {6177DB4F-90BF-4408-A981-5DDDB663695A}
	EndGlobalSection
	GlobalSection(ExtensibilityGlobals) = postSolution
		SolutionGuid = {A95EB17B-FF68-456D-A539-170F6066AF06}
	EndGlobalSection
EndGlobal
